
Microsoft Visual Studio Solution File, Format Version 12.00
# Visual Studio 14
VisualStudioVersion = 14.0.25123.0
MinimumVisualStudioVersion = 10.0.40219.1
Project("{FAE04EC0-301F-11D3-BF4B-00C04F79EFBC}") = "ReversiUWP", "ReversiUWP\ReversiUWP.csproj", "{672A82D4-5635-4733-975A-77B7002DFAFF}"
EndProject
Project("{FAE04EC0-301F-11D3-BF4B-00C04F79EFBC}") = "Reversi", "Reversi\Reversi.csproj", "{872D83B6-629E-4814-83B6-1A1002BFC9B3}"
EndProject
Project("{F2A71F9B-5D33-465A-A702-920D77279786}") = "FReversi", "FReversi\FReversi.fsproj", "{91D98240-BF7C-487B-8840-6D5A92DC411C}"
EndProject
Global
	GlobalSection(SolutionConfigurationPlatforms) = preSolution
		Debug|Any CPU = Debug|Any CPU
		Debug|ARM = Debug|ARM
		Debug|x64 = Debug|x64
		Debug|x86 = Debug|x86
		Release|Any CPU = Release|Any CPU
		Release|ARM = Release|ARM
		Release|x64 = Release|x64
		Release|x86 = Release|x86
	EndGlobalSection
	GlobalSection(ProjectConfigurationPlatforms) = postSolution
		{672A82D4-5635-4733-975A-77B7002DFAFF}.Debug|Any CPU.ActiveCfg = Debug|x86
		{672A82D4-5635-4733-975A-77B7002DFAFF}.Debug|Any CPU.Build.0 = Debug|x86
		{672A82D4-5635-4733-975A-77B7002DFAFF}.Debug|Any CPU.Deploy.0 = Debug|x86
		{672A82D4-5635-4733-975A-77B7002DFAFF}.Debug|ARM.ActiveCfg = Debug|ARM
		{672A82D4-5635-4733-975A-77B7002DFAFF}.Debug|ARM.Build.0 = Debug|ARM
		{672A82D4-5635-4733-975A-77B7002DFAFF}.Debug|ARM.Deploy.0 = Debug|ARM
		{672A82D4-5635-4733-975A-77B7002DFAFF}.Debug|x64.ActiveCfg = Debug|x64
		{672A82D4-5635-4733-975A-77B7002DFAFF}.Debug|x64.Build.0 = Debug|x64
		{672A82D4-5635-4733-975A-77B7002DFAFF}.Debug|x64.Deploy.0 = Debug|x64
		{672A82D4-5635-4733-975A-77B7002DFAFF}.Debug|x86.ActiveCfg = Debug|x86
		{672A82D4-5635-4733-975A-77B7002DFAFF}.Debug|x86.Build.0 = Debug|x86
		{672A82D4-5635-4733-975A-77B7002DFAFF}.Debug|x86.Deploy.0 = Debug|x86
		{672A82D4-5635-4733-975A-77B7002DFAFF}.Release|Any CPU.ActiveCfg = Release|x86
		{672A82D4-5635-4733-975A-77B7002DFAFF}.Release|Any CPU.Build.0 = Release|x86
		{672A82D4-5635-4733-975A-77B7002DFAFF}.Release|Any CPU.Deploy.0 = Release|x86
		{672A82D4-5635-4733-975A-77B7002DFAFF}.Release|ARM.ActiveCfg = Release|ARM
		{672A82D4-5635-4733-975A-77B7002DFAFF}.Release|ARM.Build.0 = Release|ARM
		{672A82D4-5635-4733-975A-77B7002DFAFF}.Release|ARM.Deploy.0 = Release|ARM
		{672A82D4-5635-4733-975A-77B7002DFAFF}.Release|x64.ActiveCfg = Release|x64
		{672A82D4-5635-4733-975A-77B7002DFAFF}.Release|x64.Build.0 = Release|x64
		{672A82D4-5635-4733-975A-77B7002DFAFF}.Release|x64.Deploy.0 = Release|x64
		{672A82D4-5635-4733-975A-77B7002DFAFF}.Release|x86.ActiveCfg = Release|x86
		{672A82D4-5635-4733-975A-77B7002DFAFF}.Release|x86.Build.0 = Release|x86
		{672A82D4-5635-4733-975A-77B7002DFAFF}.Release|x86.Deploy.0 = Release|x86
		{872D83B6-629E-4814-83B6-1A1002BFC9B3}.Debug|Any CPU.ActiveCfg = Debug|x86
		{872D83B6-629E-4814-83B6-1A1002BFC9B3}.Debug|ARM.ActiveCfg = Debug|ARM
		{872D83B6-629E-4814-83B6-1A1002BFC9B3}.Debug|ARM.Build.0 = Debug|ARM
		{872D83B6-629E-4814-83B6-1A1002BFC9B3}.Debug|ARM.Deploy.0 = Debug|ARM
		{872D83B6-629E-4814-83B6-1A1002BFC9B3}.Debug|x64.ActiveCfg = Debug|x64
		{872D83B6-629E-4814-83B6-1A1002BFC9B3}.Debug|x64.Build.0 = Debug|x64
		{872D83B6-629E-4814-83B6-1A1002BFC9B3}.Debug|x64.Deploy.0 = Debug|x64
		{872D83B6-629E-4814-83B6-1A1002BFC9B3}.Debug|x86.ActiveCfg = Debug|x86
		{872D83B6-629E-4814-83B6-1A1002BFC9B3}.Debug|x86.Build.0 = Debug|x86
		{872D83B6-629E-4814-83B6-1A1002BFC9B3}.Debug|x86.Deploy.0 = Debug|x86
		{872D83B6-629E-4814-83B6-1A1002BFC9B3}.Release|Any CPU.ActiveCfg = Release|x86
		{872D83B6-629E-4814-83B6-1A1002BFC9B3}.Release|ARM.ActiveCfg = Release|ARM
		{872D83B6-629E-4814-83B6-1A1002BFC9B3}.Release|ARM.Build.0 = Release|ARM
		{872D83B6-629E-4814-83B6-1A1002BFC9B3}.Release|ARM.Deploy.0 = Release|ARM
		{872D83B6-629E-4814-83B6-1A1002BFC9B3}.Release|x64.ActiveCfg = Release|x64
		{872D83B6-629E-4814-83B6-1A1002BFC9B3}.Release|x64.Build.0 = Release|x64
		{872D83B6-629E-4814-83B6-1A1002BFC9B3}.Release|x64.Deploy.0 = Release|x64
		{872D83B6-629E-4814-83B6-1A1002BFC9B3}.Release|x86.ActiveCfg = Release|x86
		{872D83B6-629E-4814-83B6-1A1002BFC9B3}.Release|x86.Build.0 = Release|x86
		{872D83B6-629E-4814-83B6-1A1002BFC9B3}.Release|x86.Deploy.0 = Release|x86
		{91D98240-BF7C-487B-8840-6D5A92DC411C}.Debug|Any CPU.ActiveCfg = Debug|Any CPU
		{91D98240-BF7C-487B-8840-6D5A92DC411C}.Debug|Any CPU.Build.0 = Debug|Any CPU
		{91D98240-BF7C-487B-8840-6D5A92DC411C}.Debug|ARM.ActiveCfg = Debug|Any CPU
		{91D98240-BF7C-487B-8840-6D5A92DC411C}.Debug|ARM.Build.0 = Debug|Any CPU
		{91D98240-BF7C-487B-8840-6D5A92DC411C}.Debug|x64.ActiveCfg = Debug|Any CPU
		{91D98240-BF7C-487B-8840-6D5A92DC411C}.Debug|x64.Build.0 = Debug|Any CPU
		{91D98240-BF7C-487B-8840-6D5A92DC411C}.Debug|x86.ActiveCfg = Debug|Any CPU
		{91D98240-BF7C-487B-8840-6D5A92DC411C}.Debug|x86.Build.0 = Debug|Any CPU
		{91D98240-BF7C-487B-8840-6D5A92DC411C}.Release|Any CPU.ActiveCfg = Release|Any CPU
		{91D98240-BF7C-487B-8840-6D5A92DC411C}.Release|Any CPU.Build.0 = Release|Any CPU
		{91D98240-BF7C-487B-8840-6D5A92DC411C}.Release|ARM.ActiveCfg = Release|Any CPU
		{91D98240-BF7C-487B-8840-6D5A92DC411C}.Release|ARM.Build.0 = Release|Any CPU
		{91D98240-BF7C-487B-8840-6D5A92DC411C}.Release|x64.ActiveCfg = Release|Any CPU
		{91D98240-BF7C-487B-8840-6D5A92DC411C}.Release|x64.Build.0 = Release|Any CPU
		{91D98240-BF7C-487B-8840-6D5A92DC411C}.Release|x86.ActiveCfg = Release|Any CPU
		{91D98240-BF7C-487B-8840-6D5A92DC411C}.Release|x86.Build.0 = Release|Any CPU
	EndGlobalSection
	GlobalSection(SolutionProperties) = preSolution
		HideSolutionNode = FALSE
	EndGlobalSection
EndGlobal
