
Microsoft Visual Studio Solution File, Format Version 12.00
# Visual Studio 14
VisualStudioVersion = 14.0.25123.0
MinimumVisualStudioVersion = 10.0.40219.1
Project("{FAE04EC0-301F-11D3-BF4B-00C04F79EFBC}") = "Reversi", "Reversi\Reversi.csproj", "{AD7BF2B0-F3AD-4152-B84A-C1552ED6FFBD}"
EndProject
Project("{FAE04EC0-301F-11D3-BF4B-00C04F79EFBC}") = "ReversiLib", "ReversiLib\ReversiLib.csproj", "{CF2329F1-6463-4E3E-B243-C85E2F196ECB}"
EndProject
Project("{FAE04EC0-301F-11D3-BF4B-00C04F79EFBC}") = "ReversiUWP", "ReversiUWP\ReversiUWP.csproj", "{672A82D4-5635-4733-975A-77B7002DFAFF}"
EndProject
Global
	GlobalSection(SolutionConfigurationPlatforms) = preSolution
		Debug|Any CPU = Debug|Any CPU
		Debug|ARM = Debug|ARM
		Debug|x64 = Debug|x64
		Debug|x86 = Debug|x86
		Release|Any CPU = Release|Any CPU
		Release|ARM = Release|ARM
		Release|x64 = Release|x64
		Release|x86 = Release|x86
	EndGlobalSection
	GlobalSection(ProjectConfigurationPlatforms) = postSolution
		{AD7BF2B0-F3AD-4152-B84A-C1552ED6FFBD}.Debug|Any CPU.ActiveCfg = Debug|Any CPU
		{AD7BF2B0-F3AD-4152-B84A-C1552ED6FFBD}.Debug|ARM.ActiveCfg = Debug|Any CPU
		{AD7BF2B0-F3AD-4152-B84A-C1552ED6FFBD}.Debug|ARM.Build.0 = Debug|Any CPU
		{AD7BF2B0-F3AD-4152-B84A-C1552ED6FFBD}.Debug|x64.ActiveCfg = Debug|Any CPU
		{AD7BF2B0-F3AD-4152-B84A-C1552ED6FFBD}.Debug|x64.Build.0 = Debug|Any CPU
		{AD7BF2B0-F3AD-4152-B84A-C1552ED6FFBD}.Debug|x86.ActiveCfg = Debug|Any CPU
		{AD7BF2B0-F3AD-4152-B84A-C1552ED6FFBD}.Debug|x86.Build.0 = Debug|Any CPU
		{AD7BF2B0-F3AD-4152-B84A-C1552ED6FFBD}.Release|Any CPU.ActiveCfg = Release|Any CPU
		{AD7BF2B0-F3AD-4152-B84A-C1552ED6FFBD}.Release|ARM.ActiveCfg = Release|Any CPU
		{AD7BF2B0-F3AD-4152-B84A-C1552ED6FFBD}.Release|ARM.Build.0 = Release|Any CPU
		{AD7BF2B0-F3AD-4152-B84A-C1552ED6FFBD}.Release|x64.ActiveCfg = Release|Any CPU
		{AD7BF2B0-F3AD-4152-B84A-C1552ED6FFBD}.Release|x64.Build.0 = Release|Any CPU
		{AD7BF2B0-F3AD-4152-B84A-C1552ED6FFBD}.Release|x86.ActiveCfg = Release|Any CPU
		{AD7BF2B0-F3AD-4152-B84A-C1552ED6FFBD}.Release|x86.Build.0 = Release|Any CPU
		{CF2329F1-6463-4E3E-B243-C85E2F196ECB}.Debug|Any CPU.ActiveCfg = Debug|Any CPU
		{CF2329F1-6463-4E3E-B243-C85E2F196ECB}.Debug|ARM.ActiveCfg = Debug|Any CPU
		{CF2329F1-6463-4E3E-B243-C85E2F196ECB}.Debug|ARM.Build.0 = Debug|Any CPU
		{CF2329F1-6463-4E3E-B243-C85E2F196ECB}.Debug|x64.ActiveCfg = Debug|Any CPU
		{CF2329F1-6463-4E3E-B243-C85E2F196ECB}.Debug|x64.Build.0 = Debug|Any CPU
		{CF2329F1-6463-4E3E-B243-C85E2F196ECB}.Debug|x86.ActiveCfg = Debug|Any CPU
		{CF2329F1-6463-4E3E-B243-C85E2F196ECB}.Debug|x86.Build.0 = Debug|Any CPU
		{CF2329F1-6463-4E3E-B243-C85E2F196ECB}.Release|Any CPU.ActiveCfg = Release|Any CPU
		{CF2329F1-6463-4E3E-B243-C85E2F196ECB}.Release|ARM.ActiveCfg = Release|Any CPU
		{CF2329F1-6463-4E3E-B243-C85E2F196ECB}.Release|ARM.Build.0 = Release|Any CPU
		{CF2329F1-6463-4E3E-B243-C85E2F196ECB}.Release|x64.ActiveCfg = Release|Any CPU
		{CF2329F1-6463-4E3E-B243-C85E2F196ECB}.Release|x64.Build.0 = Release|Any CPU
		{CF2329F1-6463-4E3E-B243-C85E2F196ECB}.Release|x86.ActiveCfg = Release|Any CPU
		{CF2329F1-6463-4E3E-B243-C85E2F196ECB}.Release|x86.Build.0 = Release|Any CPU
		{672A82D4-5635-4733-975A-77B7002DFAFF}.Debug|Any CPU.ActiveCfg = Debug|x86
		{672A82D4-5635-4733-975A-77B7002DFAFF}.Debug|Any CPU.Build.0 = Debug|x86
		{672A82D4-5635-4733-975A-77B7002DFAFF}.Debug|Any CPU.Deploy.0 = Debug|x86
		{672A82D4-5635-4733-975A-77B7002DFAFF}.Debug|ARM.ActiveCfg = Debug|ARM
		{672A82D4-5635-4733-975A-77B7002DFAFF}.Debug|ARM.Build.0 = Debug|ARM
		{672A82D4-5635-4733-975A-77B7002DFAFF}.Debug|ARM.Deploy.0 = Debug|ARM
		{672A82D4-5635-4733-975A-77B7002DFAFF}.Debug|x64.ActiveCfg = Debug|x64
		{672A82D4-5635-4733-975A-77B7002DFAFF}.Debug|x64.Build.0 = Debug|x64
		{672A82D4-5635-4733-975A-77B7002DFAFF}.Debug|x64.Deploy.0 = Debug|x64
		{672A82D4-5635-4733-975A-77B7002DFAFF}.Debug|x86.ActiveCfg = Debug|x86
		{672A82D4-5635-4733-975A-77B7002DFAFF}.Debug|x86.Build.0 = Debug|x86
		{672A82D4-5635-4733-975A-77B7002DFAFF}.Debug|x86.Deploy.0 = Debug|x86
		{672A82D4-5635-4733-975A-77B7002DFAFF}.Release|Any CPU.ActiveCfg = Release|x86
		{672A82D4-5635-4733-975A-77B7002DFAFF}.Release|Any CPU.Build.0 = Release|x86
		{672A82D4-5635-4733-975A-77B7002DFAFF}.Release|Any CPU.Deploy.0 = Release|x86
		{672A82D4-5635-4733-975A-77B7002DFAFF}.Release|ARM.ActiveCfg = Release|ARM
		{672A82D4-5635-4733-975A-77B7002DFAFF}.Release|ARM.Build.0 = Release|ARM
		{672A82D4-5635-4733-975A-77B7002DFAFF}.Release|ARM.Deploy.0 = Release|ARM
		{672A82D4-5635-4733-975A-77B7002DFAFF}.Release|x64.ActiveCfg = Release|x64
		{672A82D4-5635-4733-975A-77B7002DFAFF}.Release|x64.Build.0 = Release|x64
		{672A82D4-5635-4733-975A-77B7002DFAFF}.Release|x64.Deploy.0 = Release|x64
		{672A82D4-5635-4733-975A-77B7002DFAFF}.Release|x86.ActiveCfg = Release|x86
		{672A82D4-5635-4733-975A-77B7002DFAFF}.Release|x86.Build.0 = Release|x86
		{672A82D4-5635-4733-975A-77B7002DFAFF}.Release|x86.Deploy.0 = Release|x86
	EndGlobalSection
	GlobalSection(SolutionProperties) = preSolution
		HideSolutionNode = FALSE
	EndGlobalSection
EndGlobal
