
Microsoft Visual Studio Solution File, Format Version 12.00
# Visual Studio 14
VisualStudioVersion = 14.0.25420.1
MinimumVisualStudioVersion = 10.0.40219.1
Project("{FAE04EC0-301F-11D3-BF4B-00C04F79EFBC}") = "Reversi", "Reversi\Reversi.csproj", "{872D83B6-629E-4814-83B6-1A1002BFC9B3}"
EndProject
Project("{FAE04EC0-301F-11D3-BF4B-00C04F79EFBC}") = "RxReversi", "RxReversi\RxReversi.csproj", "{6C714BF8-98BF-42C4-AA9A-614190A0E063}"
EndProject
Global
	GlobalSection(SolutionConfigurationPlatforms) = preSolution
		Debug|Any CPU = Debug|Any CPU
		Debug|ARM = Debug|ARM
		Debug|x64 = Debug|x64
		Debug|x86 = Debug|x86
		Release|Any CPU = Release|Any CPU
		Release|ARM = Release|ARM
		Release|x64 = Release|x64
		Release|x86 = Release|x86
	EndGlobalSection
	GlobalSection(ProjectConfigurationPlatforms) = postSolution
		{872D83B6-629E-4814-83B6-1A1002BFC9B3}.Debug|Any CPU.ActiveCfg = Debug|x86
		{872D83B6-629E-4814-83B6-1A1002BFC9B3}.Debug|ARM.ActiveCfg = Debug|ARM
		{872D83B6-629E-4814-83B6-1A1002BFC9B3}.Debug|ARM.Build.0 = Debug|ARM
		{872D83B6-629E-4814-83B6-1A1002BFC9B3}.Debug|ARM.Deploy.0 = Debug|ARM
		{872D83B6-629E-4814-83B6-1A1002BFC9B3}.Debug|x64.ActiveCfg = Debug|x64
		{872D83B6-629E-4814-83B6-1A1002BFC9B3}.Debug|x64.Build.0 = Debug|x64
		{872D83B6-629E-4814-83B6-1A1002BFC9B3}.Debug|x64.Deploy.0 = Debug|x64
		{872D83B6-629E-4814-83B6-1A1002BFC9B3}.Debug|x86.ActiveCfg = Debug|x86
		{872D83B6-629E-4814-83B6-1A1002BFC9B3}.Debug|x86.Build.0 = Debug|x86
		{872D83B6-629E-4814-83B6-1A1002BFC9B3}.Debug|x86.Deploy.0 = Debug|x86
		{872D83B6-629E-4814-83B6-1A1002BFC9B3}.Release|Any CPU.ActiveCfg = Release|x86
		{872D83B6-629E-4814-83B6-1A1002BFC9B3}.Release|ARM.ActiveCfg = Release|ARM
		{872D83B6-629E-4814-83B6-1A1002BFC9B3}.Release|ARM.Build.0 = Release|ARM
		{872D83B6-629E-4814-83B6-1A1002BFC9B3}.Release|ARM.Deploy.0 = Release|ARM
		{872D83B6-629E-4814-83B6-1A1002BFC9B3}.Release|x64.ActiveCfg = Release|x64
		{872D83B6-629E-4814-83B6-1A1002BFC9B3}.Release|x64.Build.0 = Release|x64
		{872D83B6-629E-4814-83B6-1A1002BFC9B3}.Release|x64.Deploy.0 = Release|x64
		{872D83B6-629E-4814-83B6-1A1002BFC9B3}.Release|x86.ActiveCfg = Release|x86
		{872D83B6-629E-4814-83B6-1A1002BFC9B3}.Release|x86.Build.0 = Release|x86
		{872D83B6-629E-4814-83B6-1A1002BFC9B3}.Release|x86.Deploy.0 = Release|x86
		{6C714BF8-98BF-42C4-AA9A-614190A0E063}.Debug|Any CPU.ActiveCfg = Debug|x86
		{6C714BF8-98BF-42C4-AA9A-614190A0E063}.Debug|ARM.ActiveCfg = Debug|ARM
		{6C714BF8-98BF-42C4-AA9A-614190A0E063}.Debug|ARM.Build.0 = Debug|ARM
		{6C714BF8-98BF-42C4-AA9A-614190A0E063}.Debug|ARM.Deploy.0 = Debug|ARM
		{6C714BF8-98BF-42C4-AA9A-614190A0E063}.Debug|x64.ActiveCfg = Debug|x64
		{6C714BF8-98BF-42C4-AA9A-614190A0E063}.Debug|x64.Build.0 = Debug|x64
		{6C714BF8-98BF-42C4-AA9A-614190A0E063}.Debug|x64.Deploy.0 = Debug|x64
		{6C714BF8-98BF-42C4-AA9A-614190A0E063}.Debug|x86.ActiveCfg = Debug|x86
		{6C714BF8-98BF-42C4-AA9A-614190A0E063}.Debug|x86.Build.0 = Debug|x86
		{6C714BF8-98BF-42C4-AA9A-614190A0E063}.Debug|x86.Deploy.0 = Debug|x86
		{6C714BF8-98BF-42C4-AA9A-614190A0E063}.Release|Any CPU.ActiveCfg = Release|x86
		{6C714BF8-98BF-42C4-AA9A-614190A0E063}.Release|ARM.ActiveCfg = Release|ARM
		{6C714BF8-98BF-42C4-AA9A-614190A0E063}.Release|ARM.Build.0 = Release|ARM
		{6C714BF8-98BF-42C4-AA9A-614190A0E063}.Release|ARM.Deploy.0 = Release|ARM
		{6C714BF8-98BF-42C4-AA9A-614190A0E063}.Release|x64.ActiveCfg = Release|x64
		{6C714BF8-98BF-42C4-AA9A-614190A0E063}.Release|x64.Build.0 = Release|x64
		{6C714BF8-98BF-42C4-AA9A-614190A0E063}.Release|x64.Deploy.0 = Release|x64
		{6C714BF8-98BF-42C4-AA9A-614190A0E063}.Release|x86.ActiveCfg = Release|x86
		{6C714BF8-98BF-42C4-AA9A-614190A0E063}.Release|x86.Build.0 = Release|x86
		{6C714BF8-98BF-42C4-AA9A-614190A0E063}.Release|x86.Deploy.0 = Release|x86
	EndGlobalSection
	GlobalSection(SolutionProperties) = preSolution
		HideSolutionNode = FALSE
	EndGlobalSection
EndGlobal
